
Microsoft Visual Studio Solution File, Format Version 12.00
# Visual Studio Version 16
VisualStudioVersion = 16.0.31702.278
MinimumVisualStudioVersion = 10.0.40219.1
Project("{9A19103F-16F7-4668-BE54-9A1E7A4F7556}") = "BHCoreBanking.Web", "BHCoreBanking.Web.csproj", "{90FBBCBE-CD6D-4BCF-B6BC-5F2FA40782A0}"
EndProject
Project("{9A19103F-16F7-4668-BE54-9A1E7A4F7556}") = "BHCoreBanking.Core", "BHCoreBanking.Core\BHCoreBanking.Core.csproj", "{6BA23277-A597-47A2-85DE-F92CC90C0504}"
EndProject
Project("{9A19103F-16F7-4668-BE54-9A1E7A4F7556}") = "BHCoreBanking.Services", "BHCoreBanking.Services\BHCoreBanking.Services.csproj", "{658253C9-2814-4E3A-BE6F-F425543F0175}"
EndProject
Project("{FAE04EC0-301F-11D3-BF4B-00C04F79EFBC}") = "BHCoreBanking.UnitTests", "Tests\BHCoreBanking.UnitTests\BHCoreBanking.UnitTests\BHCoreBanking.UnitTests.csproj", "{142C6D04-D32D-421D-994F-331869053C5E}"
EndProject
Project("{FAE04EC0-301F-11D3-BF4B-00C04F79EFBC}") = "BHCoreBanking.Data", "BHCoreBanking.Data\BHCoreBanking.Data.csproj", "{944BEAB9-3169-4B6B-9214-0C4F29EE17D9}"
EndProject
Global
	GlobalSection(SolutionConfigurationPlatforms) = preSolution
		Debug|Any CPU = Debug|Any CPU
		Release|Any CPU = Release|Any CPU
	EndGlobalSection
	GlobalSection(ProjectConfigurationPlatforms) = postSolution
		{90FBBCBE-CD6D-4BCF-B6BC-5F2FA40782A0}.Debug|Any CPU.ActiveCfg = Debug|Any CPU
		{90FBBCBE-CD6D-4BCF-B6BC-5F2FA40782A0}.Debug|Any CPU.Build.0 = Debug|Any CPU
		{90FBBCBE-CD6D-4BCF-B6BC-5F2FA40782A0}.Release|Any CPU.ActiveCfg = Release|Any CPU
		{90FBBCBE-CD6D-4BCF-B6BC-5F2FA40782A0}.Release|Any CPU.Build.0 = Release|Any CPU
		{6BA23277-A597-47A2-85DE-F92CC90C0504}.Debug|Any CPU.ActiveCfg = Debug|Any CPU
		{6BA23277-A597-47A2-85DE-F92CC90C0504}.Debug|Any CPU.Build.0 = Debug|Any CPU
		{6BA23277-A597-47A2-85DE-F92CC90C0504}.Release|Any CPU.ActiveCfg = Release|Any CPU
		{6BA23277-A597-47A2-85DE-F92CC90C0504}.Release|Any CPU.Build.0 = Release|Any CPU
		{658253C9-2814-4E3A-BE6F-F425543F0175}.Debug|Any CPU.ActiveCfg = Debug|Any CPU
		{658253C9-2814-4E3A-BE6F-F425543F0175}.Debug|Any CPU.Build.0 = Debug|Any CPU
		{658253C9-2814-4E3A-BE6F-F425543F0175}.Release|Any CPU.ActiveCfg = Release|Any CPU
		{658253C9-2814-4E3A-BE6F-F425543F0175}.Release|Any CPU.Build.0 = Release|Any CPU
		{142C6D04-D32D-421D-994F-331869053C5E}.Debug|Any CPU.ActiveCfg = Debug|Any CPU
		{142C6D04-D32D-421D-994F-331869053C5E}.Debug|Any CPU.Build.0 = Debug|Any CPU
		{142C6D04-D32D-421D-994F-331869053C5E}.Release|Any CPU.ActiveCfg = Release|Any CPU
		{142C6D04-D32D-421D-994F-331869053C5E}.Release|Any CPU.Build.0 = Release|Any CPU
		{944BEAB9-3169-4B6B-9214-0C4F29EE17D9}.Debug|Any CPU.ActiveCfg = Debug|Any CPU
		{944BEAB9-3169-4B6B-9214-0C4F29EE17D9}.Debug|Any CPU.Build.0 = Debug|Any CPU
		{944BEAB9-3169-4B6B-9214-0C4F29EE17D9}.Release|Any CPU.ActiveCfg = Release|Any CPU
		{944BEAB9-3169-4B6B-9214-0C4F29EE17D9}.Release|Any CPU.Build.0 = Release|Any CPU
	EndGlobalSection
	GlobalSection(SolutionProperties) = preSolution
		HideSolutionNode = FALSE
	EndGlobalSection
	GlobalSection(ExtensibilityGlobals) = postSolution
		SolutionGuid = {2CA4CCCE-C697-4A7D-87BE-4A56DAB6A2AC}
	EndGlobalSection
EndGlobal
